
Microsoft Visual Studio Solution File, Format Version 12.00
# Visual Studio Version 17
VisualStudioVersion = 17.0.31903.59
MinimumVisualStudioVersion = 10.0.40219.1
Project("{FAE04EC0-301F-11D3-BF4B-00C04F79EFBC}") = "esercitazione_01", "esercitazione_01\esercitazione_01.csproj", "{15AA9B97-53F1-42EA-96FE-CEB3707A6E19}"
EndProject
Project("{2150E333-8FDC-42A3-9474-1A3956D46DE8}") = "Esercitazioni", "Esercitazioni", "{A6E49C14-6254-4D59-BAE2-25C36A31B992}"
EndProject
Project("{FAE04EC0-301F-11D3-BF4B-00C04F79EFBC}") = "03_operatori", "Esercitazioni\03_operatori\03_operatori.csproj", "{1DC41327-AB17-4D6E-8E48-B902C663AAF5}"
EndProject
Project("{FAE04EC0-301F-11D3-BF4B-00C04F79EFBC}") = "04_condizioni", "Esercitazioni\04_condizioni\04_condizioni.csproj", "{1653E4B5-7E89-46E7-84AD-E304651BA6A6}"
EndProject
Project("{2150E333-8FDC-42A3-9474-1A3956D46DE8}") = "04 - Assignment", "04 - Assignment", "{FE28457B-F715-4D30-860B-CE04C5E5F7ED}"
EndProject
Project("{FAE04EC0-301F-11D3-BF4B-00C04F79EFBC}") = "02-sorteggio-partecipanti", "04 - Assignment\02-sorteggio-partecipanti\02-sorteggio-partecipanti.csproj", "{739A8D8B-71CC-48BA-9B25-4060E76AEFAE}"
EndProject
Project("{2150E333-8FDC-42A3-9474-1A3956D46DE8}") = "04 - Esercitazioni", "04 - Esercitazioni", "{22465E63-431C-46C0-AA8B-24DE76DE64E8}"
EndProject
Project("{FAE04EC0-301F-11D3-BF4B-00C04F79EFBC}") = "09_Date", "04 - Esercitazioni\09_Date\09_Date.csproj", "{771870D2-0D25-4DBB-A955-1DAD6C49F369}"
EndProject
Project("{FAE04EC0-301F-11D3-BF4B-00C04F79EFBC}") = "10_Math", "04 - Esercitazioni\10_Math\10_Math.csproj", "{4DD9014E-DC34-4E04-84EE-4E6B9F90BC80}"
EndProject
Project("{FAE04EC0-301F-11D3-BF4B-00C04F79EFBC}") = "11_Gestione eccezioni", "04 - Esercitazioni\11_Gestione eccezioni\11_Gestione eccezioni.csproj", "{D255033C-6875-4480-8A89-082CF05B19DF}"
EndProject
Project("{FAE04EC0-301F-11D3-BF4B-00C04F79EFBC}") = "calcolatrice", "04 - Assignment\calcolatrice\calcolatrice.csproj", "{A52F977A-171A-4130-A45F-3FBB23E70056}"
EndProject
Project("{FAE04EC0-301F-11D3-BF4B-00C04F79EFBC}") = "_calcolatrice-con-funzioni", "04 - Assignment\_calcolatrice-con-funzioni\_calcolatrice-con-funzioni.csproj", "{BF1B25B4-5EFE-4576-8505-1CEA5FB64770}"
EndProject
Project("{FAE04EC0-301F-11D3-BF4B-00C04F79EFBC}") = "_Sorteggio-partecipanti-con-funzioni", "04 - Assignment\_Sorteggio-partecipanti-con-funzioni\_Sorteggio-partecipanti-con-funzioni.csproj", "{F73A1D32-E623-4E94-831B-649327C7EFED}"
EndProject
Project("{FAE04EC0-301F-11D3-BF4B-00C04F79EFBC}") = "12_Funzioni", "04 - Esercitazioni\12_Funzioni\12_Funzioni.csproj", "{71C80A54-C18D-46FE-954B-E4D6A8E1A66A}"
EndProject
Project("{FAE04EC0-301F-11D3-BF4B-00C04F79EFBC}") = "06_indovina-numero", "04 - Assignment\06_indovina-numero\06_indovina-numero.csproj", "{48F34708-A3A5-4483-9736-878D29948469}"
EndProject
Project("{FAE04EC0-301F-11D3-BF4B-00C04F79EFBC}") = "07_Gioco-di-dai", "04 - Assignment\07_Gioco-di-dai\07_Gioco-di-dai.csproj", "{22036271-18E0-457F-AF4A-498966D29EB4}"
EndProject
Project("{2150E333-8FDC-42A3-9474-1A3956D46DE8}") = "06_indovina-numero-con-funzioni", "06_indovina-numero-con-funzioni", "{0272CDA7-84AE-469D-91BE-71AA53CDF1B7}"
EndProject
Project("{FAE04EC0-301F-11D3-BF4B-00C04F79EFBC}") = "06_indovina-numeri-con-funzioni", "04 - Assignment\06_indovina-numero-con-funzioni\06_indovina-numeri-con-funzioni\06_indovina-numeri-con-funzioni.csproj", "{9E2A0DC3-E169-4B95-8E49-2A5414E1DBCC}"
EndProject
Project("{FAE04EC0-301F-11D3-BF4B-00C04F79EFBC}") = "08_supermercato", "04 - Assignment\08_supermercato\08_supermercato.csproj", "{4E73B964-0BE3-448F-8B08-EF316C973D37}"
EndProject
Project("{FAE04EC0-301F-11D3-BF4B-00C04F79EFBC}") = "02_tipi-di-dati", "04 - Esercitazioni\02_tipi-di-dati\02_tipi-di-dati.csproj", "{5EB46E19-59D2-45FD-B6DA-F9A3B2914C12}"
EndProject
Project("{FAE04EC0-301F-11D3-BF4B-00C04F79EFBC}") = "09_generatore-password", "04 - Assignment\09_generatore-password\09_generatore-password.csproj", "{2C2BA8E6-C6DF-4297-8310-211984C653DB}"
EndProject
Project("{FAE04EC0-301F-11D3-BF4B-00C04F79EFBC}") = "10_Inserimento-dati", "04 - Assignment\10_Inserimento-dati\10_Inserimento-dati.csproj", "{2C8ECDC8-B910-4C50-82EB-8FB72646E709}"
EndProject
Project("{FAE04EC0-301F-11D3-BF4B-00C04F79EFBC}") = "11_Metodo-verificaInput-generico", "04 - Assignment\11_Metodo-verificaInput-generico\11_Metodo-verificaInput-generico.csproj", "{262AE268-BFB3-4ED9-B31C-72D668A83488}"
EndProject
Project("{FAE04EC0-301F-11D3-BF4B-00C04F79EFBC}") = "12_landing-page-html-css", "04 - Assignment\12_landing-page-html-css\12_landing-page-html-css.csproj", "{C81D2B90-C016-480C-A31F-54F447BE88D6}"
EndProject
Project("{FAE04EC0-301F-11D3-BF4B-00C04F79EFBC}") = "13_verifica-competenze1", "04 - Assignment\13_verifica-competenze1\13_verifica-competenze1.csproj", "{76B24201-66E1-4EB0-9067-B950DAFD66FD}"
EndProject
Project("{FAE04EC0-301F-11D3-BF4B-00C04F79EFBC}") = "14_Persistenza-txt", "04 - Esercitazioni\14_Persistenza-txt\14_Persistenza-txt.csproj", "{AA572FAE-F9A3-4FB9-8968-A00BC27C2DC8}"
EndProject
Project("{FAE04EC0-301F-11D3-BF4B-00C04F79EFBC}") = "15_Metodi-files", "04 - Esercitazioni\15_Metodi-files\15_Metodi-files.csproj", "{E498F3F8-3712-489A-8975-9B014A4290BD}"
EndProject
Global
	GlobalSection(SolutionConfigurationPlatforms) = preSolution
		Debug|Any CPU = Debug|Any CPU
		Release|Any CPU = Release|Any CPU
	EndGlobalSection
	GlobalSection(SolutionProperties) = preSolution
		HideSolutionNode = FALSE
	EndGlobalSection
	GlobalSection(ProjectConfigurationPlatforms) = postSolution
		{15AA9B97-53F1-42EA-96FE-CEB3707A6E19}.Debug|Any CPU.ActiveCfg = Debug|Any CPU
		{15AA9B97-53F1-42EA-96FE-CEB3707A6E19}.Debug|Any CPU.Build.0 = Debug|Any CPU
		{15AA9B97-53F1-42EA-96FE-CEB3707A6E19}.Release|Any CPU.ActiveCfg = Release|Any CPU
		{15AA9B97-53F1-42EA-96FE-CEB3707A6E19}.Release|Any CPU.Build.0 = Release|Any CPU
		{1DC41327-AB17-4D6E-8E48-B902C663AAF5}.Debug|Any CPU.ActiveCfg = Debug|Any CPU
		{1DC41327-AB17-4D6E-8E48-B902C663AAF5}.Debug|Any CPU.Build.0 = Debug|Any CPU
		{1DC41327-AB17-4D6E-8E48-B902C663AAF5}.Release|Any CPU.ActiveCfg = Release|Any CPU
		{1DC41327-AB17-4D6E-8E48-B902C663AAF5}.Release|Any CPU.Build.0 = Release|Any CPU
		{1653E4B5-7E89-46E7-84AD-E304651BA6A6}.Debug|Any CPU.ActiveCfg = Debug|Any CPU
		{1653E4B5-7E89-46E7-84AD-E304651BA6A6}.Debug|Any CPU.Build.0 = Debug|Any CPU
		{1653E4B5-7E89-46E7-84AD-E304651BA6A6}.Release|Any CPU.ActiveCfg = Release|Any CPU
		{1653E4B5-7E89-46E7-84AD-E304651BA6A6}.Release|Any CPU.Build.0 = Release|Any CPU
		{739A8D8B-71CC-48BA-9B25-4060E76AEFAE}.Debug|Any CPU.ActiveCfg = Debug|Any CPU
		{739A8D8B-71CC-48BA-9B25-4060E76AEFAE}.Debug|Any CPU.Build.0 = Debug|Any CPU
		{739A8D8B-71CC-48BA-9B25-4060E76AEFAE}.Release|Any CPU.ActiveCfg = Release|Any CPU
		{739A8D8B-71CC-48BA-9B25-4060E76AEFAE}.Release|Any CPU.Build.0 = Release|Any CPU
		{771870D2-0D25-4DBB-A955-1DAD6C49F369}.Debug|Any CPU.ActiveCfg = Debug|Any CPU
		{771870D2-0D25-4DBB-A955-1DAD6C49F369}.Debug|Any CPU.Build.0 = Debug|Any CPU
		{771870D2-0D25-4DBB-A955-1DAD6C49F369}.Release|Any CPU.ActiveCfg = Release|Any CPU
		{771870D2-0D25-4DBB-A955-1DAD6C49F369}.Release|Any CPU.Build.0 = Release|Any CPU
		{4DD9014E-DC34-4E04-84EE-4E6B9F90BC80}.Debug|Any CPU.ActiveCfg = Debug|Any CPU
		{4DD9014E-DC34-4E04-84EE-4E6B9F90BC80}.Debug|Any CPU.Build.0 = Debug|Any CPU
		{4DD9014E-DC34-4E04-84EE-4E6B9F90BC80}.Release|Any CPU.ActiveCfg = Release|Any CPU
		{4DD9014E-DC34-4E04-84EE-4E6B9F90BC80}.Release|Any CPU.Build.0 = Release|Any CPU
		{D255033C-6875-4480-8A89-082CF05B19DF}.Debug|Any CPU.ActiveCfg = Debug|Any CPU
		{D255033C-6875-4480-8A89-082CF05B19DF}.Debug|Any CPU.Build.0 = Debug|Any CPU
		{D255033C-6875-4480-8A89-082CF05B19DF}.Release|Any CPU.ActiveCfg = Release|Any CPU
		{D255033C-6875-4480-8A89-082CF05B19DF}.Release|Any CPU.Build.0 = Release|Any CPU
		{A52F977A-171A-4130-A45F-3FBB23E70056}.Debug|Any CPU.ActiveCfg = Debug|Any CPU
		{A52F977A-171A-4130-A45F-3FBB23E70056}.Debug|Any CPU.Build.0 = Debug|Any CPU
		{A52F977A-171A-4130-A45F-3FBB23E70056}.Release|Any CPU.ActiveCfg = Release|Any CPU
		{A52F977A-171A-4130-A45F-3FBB23E70056}.Release|Any CPU.Build.0 = Release|Any CPU
		{BF1B25B4-5EFE-4576-8505-1CEA5FB64770}.Debug|Any CPU.ActiveCfg = Debug|Any CPU
		{BF1B25B4-5EFE-4576-8505-1CEA5FB64770}.Debug|Any CPU.Build.0 = Debug|Any CPU
		{BF1B25B4-5EFE-4576-8505-1CEA5FB64770}.Release|Any CPU.ActiveCfg = Release|Any CPU
		{BF1B25B4-5EFE-4576-8505-1CEA5FB64770}.Release|Any CPU.Build.0 = Release|Any CPU
		{F73A1D32-E623-4E94-831B-649327C7EFED}.Debug|Any CPU.ActiveCfg = Debug|Any CPU
		{F73A1D32-E623-4E94-831B-649327C7EFED}.Debug|Any CPU.Build.0 = Debug|Any CPU
		{F73A1D32-E623-4E94-831B-649327C7EFED}.Release|Any CPU.ActiveCfg = Release|Any CPU
		{F73A1D32-E623-4E94-831B-649327C7EFED}.Release|Any CPU.Build.0 = Release|Any CPU
		{71C80A54-C18D-46FE-954B-E4D6A8E1A66A}.Debug|Any CPU.ActiveCfg = Debug|Any CPU
		{71C80A54-C18D-46FE-954B-E4D6A8E1A66A}.Debug|Any CPU.Build.0 = Debug|Any CPU
		{71C80A54-C18D-46FE-954B-E4D6A8E1A66A}.Release|Any CPU.ActiveCfg = Release|Any CPU
		{71C80A54-C18D-46FE-954B-E4D6A8E1A66A}.Release|Any CPU.Build.0 = Release|Any CPU
		{48F34708-A3A5-4483-9736-878D29948469}.Debug|Any CPU.ActiveCfg = Debug|Any CPU
		{48F34708-A3A5-4483-9736-878D29948469}.Debug|Any CPU.Build.0 = Debug|Any CPU
		{48F34708-A3A5-4483-9736-878D29948469}.Release|Any CPU.ActiveCfg = Release|Any CPU
		{48F34708-A3A5-4483-9736-878D29948469}.Release|Any CPU.Build.0 = Release|Any CPU
		{22036271-18E0-457F-AF4A-498966D29EB4}.Debug|Any CPU.ActiveCfg = Debug|Any CPU
		{22036271-18E0-457F-AF4A-498966D29EB4}.Debug|Any CPU.Build.0 = Debug|Any CPU
		{22036271-18E0-457F-AF4A-498966D29EB4}.Release|Any CPU.ActiveCfg = Release|Any CPU
		{22036271-18E0-457F-AF4A-498966D29EB4}.Release|Any CPU.Build.0 = Release|Any CPU
		{9E2A0DC3-E169-4B95-8E49-2A5414E1DBCC}.Debug|Any CPU.ActiveCfg = Debug|Any CPU
		{9E2A0DC3-E169-4B95-8E49-2A5414E1DBCC}.Debug|Any CPU.Build.0 = Debug|Any CPU
		{9E2A0DC3-E169-4B95-8E49-2A5414E1DBCC}.Release|Any CPU.ActiveCfg = Release|Any CPU
		{9E2A0DC3-E169-4B95-8E49-2A5414E1DBCC}.Release|Any CPU.Build.0 = Release|Any CPU
		{4E73B964-0BE3-448F-8B08-EF316C973D37}.Debug|Any CPU.ActiveCfg = Debug|Any CPU
		{4E73B964-0BE3-448F-8B08-EF316C973D37}.Debug|Any CPU.Build.0 = Debug|Any CPU
		{4E73B964-0BE3-448F-8B08-EF316C973D37}.Release|Any CPU.ActiveCfg = Release|Any CPU
		{4E73B964-0BE3-448F-8B08-EF316C973D37}.Release|Any CPU.Build.0 = Release|Any CPU
		{5EB46E19-59D2-45FD-B6DA-F9A3B2914C12}.Debug|Any CPU.ActiveCfg = Debug|Any CPU
		{5EB46E19-59D2-45FD-B6DA-F9A3B2914C12}.Debug|Any CPU.Build.0 = Debug|Any CPU
		{5EB46E19-59D2-45FD-B6DA-F9A3B2914C12}.Release|Any CPU.ActiveCfg = Release|Any CPU
		{5EB46E19-59D2-45FD-B6DA-F9A3B2914C12}.Release|Any CPU.Build.0 = Release|Any CPU
		{2C2BA8E6-C6DF-4297-8310-211984C653DB}.Debug|Any CPU.ActiveCfg = Debug|Any CPU
		{2C2BA8E6-C6DF-4297-8310-211984C653DB}.Debug|Any CPU.Build.0 = Debug|Any CPU
		{2C2BA8E6-C6DF-4297-8310-211984C653DB}.Release|Any CPU.ActiveCfg = Release|Any CPU
		{2C2BA8E6-C6DF-4297-8310-211984C653DB}.Release|Any CPU.Build.0 = Release|Any CPU
		{2C8ECDC8-B910-4C50-82EB-8FB72646E709}.Debug|Any CPU.ActiveCfg = Debug|Any CPU
		{2C8ECDC8-B910-4C50-82EB-8FB72646E709}.Debug|Any CPU.Build.0 = Debug|Any CPU
		{2C8ECDC8-B910-4C50-82EB-8FB72646E709}.Release|Any CPU.ActiveCfg = Release|Any CPU
		{2C8ECDC8-B910-4C50-82EB-8FB72646E709}.Release|Any CPU.Build.0 = Release|Any CPU
		{262AE268-BFB3-4ED9-B31C-72D668A83488}.Debug|Any CPU.ActiveCfg = Debug|Any CPU
		{262AE268-BFB3-4ED9-B31C-72D668A83488}.Debug|Any CPU.Build.0 = Debug|Any CPU
		{262AE268-BFB3-4ED9-B31C-72D668A83488}.Release|Any CPU.ActiveCfg = Release|Any CPU
		{262AE268-BFB3-4ED9-B31C-72D668A83488}.Release|Any CPU.Build.0 = Release|Any CPU
		{C81D2B90-C016-480C-A31F-54F447BE88D6}.Debug|Any CPU.ActiveCfg = Debug|Any CPU
		{C81D2B90-C016-480C-A31F-54F447BE88D6}.Debug|Any CPU.Build.0 = Debug|Any CPU
		{C81D2B90-C016-480C-A31F-54F447BE88D6}.Release|Any CPU.ActiveCfg = Release|Any CPU
		{C81D2B90-C016-480C-A31F-54F447BE88D6}.Release|Any CPU.Build.0 = Release|Any CPU
		{76B24201-66E1-4EB0-9067-B950DAFD66FD}.Debug|Any CPU.ActiveCfg = Debug|Any CPU
		{76B24201-66E1-4EB0-9067-B950DAFD66FD}.Debug|Any CPU.Build.0 = Debug|Any CPU
		{76B24201-66E1-4EB0-9067-B950DAFD66FD}.Release|Any CPU.ActiveCfg = Release|Any CPU
		{76B24201-66E1-4EB0-9067-B950DAFD66FD}.Release|Any CPU.Build.0 = Release|Any CPU
		{AA572FAE-F9A3-4FB9-8968-A00BC27C2DC8}.Debug|Any CPU.ActiveCfg = Debug|Any CPU
		{AA572FAE-F9A3-4FB9-8968-A00BC27C2DC8}.Debug|Any CPU.Build.0 = Debug|Any CPU
		{AA572FAE-F9A3-4FB9-8968-A00BC27C2DC8}.Release|Any CPU.ActiveCfg = Release|Any CPU
		{AA572FAE-F9A3-4FB9-8968-A00BC27C2DC8}.Release|Any CPU.Build.0 = Release|Any CPU
		{E498F3F8-3712-489A-8975-9B014A4290BD}.Debug|Any CPU.ActiveCfg = Debug|Any CPU
		{E498F3F8-3712-489A-8975-9B014A4290BD}.Debug|Any CPU.Build.0 = Debug|Any CPU
		{E498F3F8-3712-489A-8975-9B014A4290BD}.Release|Any CPU.ActiveCfg = Release|Any CPU
		{E498F3F8-3712-489A-8975-9B014A4290BD}.Release|Any CPU.Build.0 = Release|Any CPU
	EndGlobalSection
	GlobalSection(NestedProjects) = preSolution
		{1DC41327-AB17-4D6E-8E48-B902C663AAF5} = {A6E49C14-6254-4D59-BAE2-25C36A31B992}
		{1653E4B5-7E89-46E7-84AD-E304651BA6A6} = {A6E49C14-6254-4D59-BAE2-25C36A31B992}
		{739A8D8B-71CC-48BA-9B25-4060E76AEFAE} = {FE28457B-F715-4D30-860B-CE04C5E5F7ED}
		{771870D2-0D25-4DBB-A955-1DAD6C49F369} = {22465E63-431C-46C0-AA8B-24DE76DE64E8}
		{4DD9014E-DC34-4E04-84EE-4E6B9F90BC80} = {22465E63-431C-46C0-AA8B-24DE76DE64E8}
		{D255033C-6875-4480-8A89-082CF05B19DF} = {22465E63-431C-46C0-AA8B-24DE76DE64E8}
		{A52F977A-171A-4130-A45F-3FBB23E70056} = {FE28457B-F715-4D30-860B-CE04C5E5F7ED}
		{BF1B25B4-5EFE-4576-8505-1CEA5FB64770} = {FE28457B-F715-4D30-860B-CE04C5E5F7ED}
		{F73A1D32-E623-4E94-831B-649327C7EFED} = {FE28457B-F715-4D30-860B-CE04C5E5F7ED}
		{71C80A54-C18D-46FE-954B-E4D6A8E1A66A} = {22465E63-431C-46C0-AA8B-24DE76DE64E8}
		{48F34708-A3A5-4483-9736-878D29948469} = {FE28457B-F715-4D30-860B-CE04C5E5F7ED}
		{22036271-18E0-457F-AF4A-498966D29EB4} = {FE28457B-F715-4D30-860B-CE04C5E5F7ED}
		{0272CDA7-84AE-469D-91BE-71AA53CDF1B7} = {FE28457B-F715-4D30-860B-CE04C5E5F7ED}
		{9E2A0DC3-E169-4B95-8E49-2A5414E1DBCC} = {0272CDA7-84AE-469D-91BE-71AA53CDF1B7}
		{4E73B964-0BE3-448F-8B08-EF316C973D37} = {FE28457B-F715-4D30-860B-CE04C5E5F7ED}
		{5EB46E19-59D2-45FD-B6DA-F9A3B2914C12} = {22465E63-431C-46C0-AA8B-24DE76DE64E8}
		{2C2BA8E6-C6DF-4297-8310-211984C653DB} = {FE28457B-F715-4D30-860B-CE04C5E5F7ED}
		{2C8ECDC8-B910-4C50-82EB-8FB72646E709} = {FE28457B-F715-4D30-860B-CE04C5E5F7ED}
		{262AE268-BFB3-4ED9-B31C-72D668A83488} = {FE28457B-F715-4D30-860B-CE04C5E5F7ED}
		{C81D2B90-C016-480C-A31F-54F447BE88D6} = {FE28457B-F715-4D30-860B-CE04C5E5F7ED}
		{76B24201-66E1-4EB0-9067-B950DAFD66FD} = {FE28457B-F715-4D30-860B-CE04C5E5F7ED}
		{AA572FAE-F9A3-4FB9-8968-A00BC27C2DC8} = {22465E63-431C-46C0-AA8B-24DE76DE64E8}
		{E498F3F8-3712-489A-8975-9B014A4290BD} = {22465E63-431C-46C0-AA8B-24DE76DE64E8}
	EndGlobalSection
EndGlobal
